// !$*UTF8*$!
{
	archiveVersion = 1;
	classes = {
	};
	objectVersion = 46;
	objects = {

/* Begin PBXBuildFile section */
		7DE3332C1D05541E007C1DC7 /* main.m in Sources */ = {isa = PBXBuildFile; fileRef = 7DE3332B1D05541E007C1DC7 /* main.m */; };
		7DE3332F1D05541E007C1DC7 /* AppDelegate.m in Sources */ = {isa = PBXBuildFile; fileRef = 7DE3332E1D05541E007C1DC7 /* AppDelegate.m */; };
		7DE333321D05541E007C1DC7 /* ViewController.m in Sources */ = {isa = PBXBuildFile; fileRef = 7DE333311D05541E007C1DC7 /* ViewController.m */; };
		7DE333351D05541E007C1DC7 /* Main.storyboard in Resources */ = {isa = PBXBuildFile; fileRef = 7DE333331D05541E007C1DC7 /* Main.storyboard */; };
		7DE333371D05541E007C1DC7 /* Assets.xcassets in Resources */ = {isa = PBXBuildFile; fileRef = 7DE333361D05541E007C1DC7 /* Assets.xcassets */; };
		7DE3333A1D05541E007C1DC7 /* LaunchScreen.storyboard in Resources */ = {isa = PBXBuildFile; fileRef = 7DE333381D05541E007C1DC7 /* LaunchScreen.storyboard */; };
		7DE333451D05541E007C1DC7 /* NDTableViewDataSourceAndDelegateTests.m in Sources */ = {isa = PBXBuildFile; fileRef = 7DE333441D05541E007C1DC7 /* NDTableViewDataSourceAndDelegateTests.m */; };
		7DE3336B1D055491007C1DC7 /* UITableViewCell+NDTableViewDataSource.m in Sources */ = {isa = PBXBuildFile; fileRef = 7DE333551D055491007C1DC7 /* UITableViewCell+NDTableViewDataSource.m */; };
		7DE3336C1D055491007C1DC7 /* NDTableViewDataSource.m in Sources */ = {isa = PBXBuildFile; fileRef = 7DE333581D055491007C1DC7 /* NDTableViewDataSource.m */; };
		7DE3336D1D055491007C1DC7 /* NSObject+NDTableViewCellMapKey.m in Sources */ = {isa = PBXBuildFile; fileRef = 7DE3335A1D055491007C1DC7 /* NSObject+NDTableViewCellMapKey.m */; };
		7DE3336E1D055491007C1DC7 /* UITableView+NDDataSource.m in Sources */ = {isa = PBXBuildFile; fileRef = 7DE3335C1D055491007C1DC7 /* UITableView+NDDataSource.m */; };
		7DE3336F1D055491007C1DC7 /* NDTableViewDelegate.m in Sources */ = {isa = PBXBuildFile; fileRef = 7DE3335F1D055491007C1DC7 /* NDTableViewDelegate.m */; };
		7DE333701D055491007C1DC7 /* UITableView+NDTableViewDelegate.m in Sources */ = {isa = PBXBuildFile; fileRef = 7DE333611D055491007C1DC7 /* UITableView+NDTableViewDelegate.m */; };
		7DE333711D055491007C1DC7 /* NDTableViewSection.m in Sources */ = {isa = PBXBuildFile; fileRef = 7DE333641D055491007C1DC7 /* NDTableViewSection.m */; };
		7DE333721D055491007C1DC7 /* UITableView+NDTableViewSection.m in Sources */ = {isa = PBXBuildFile; fileRef = 7DE333671D055491007C1DC7 /* UITableView+NDTableViewSection.m */; };
		7DE3338B1D0557E4007C1DC7 /* NSArray+ND.m in Sources */ = {isa = PBXBuildFile; fileRef = 7DE3337A1D0557E3007C1DC7 /* NSArray+ND.m */; };
		7DE3338C1D0557E4007C1DC7 /* NSData+ND.m in Sources */ = {isa = PBXBuildFile; fileRef = 7DE3337C1D0557E3007C1DC7 /* NSData+ND.m */; };
		7DE3338D1D0557E4007C1DC7 /* NSDate+ND.m in Sources */ = {isa = PBXBuildFile; fileRef = 7DE3337E1D0557E3007C1DC7 /* NSDate+ND.m */; };
		7DE3338E1D0557E4007C1DC7 /* NSDictionary+ND.m in Sources */ = {isa = PBXBuildFile; fileRef = 7DE333801D0557E4007C1DC7 /* NSDictionary+ND.m */; };
		7DE3338F1D0557E4007C1DC7 /* NSFileManager+ND.m in Sources */ = {isa = PBXBuildFile; fileRef = 7DE333821D0557E4007C1DC7 /* NSFileManager+ND.m */; };
		7DE333901D0557E4007C1DC7 /* NSMutableArray+ND.m in Sources */ = {isa = PBXBuildFile; fileRef = 7DE333841D0557E4007C1DC7 /* NSMutableArray+ND.m */; };
		7DE333911D0557E4007C1DC7 /* NSMutableDictionary+ND.m in Sources */ = {isa = PBXBuildFile; fileRef = 7DE333861D0557E4007C1DC7 /* NSMutableDictionary+ND.m */; };
		7DE333921D0557E4007C1DC7 /* NSString+ND.m in Sources */ = {isa = PBXBuildFile; fileRef = 7DE333881D0557E4007C1DC7 /* NSString+ND.m */; };
		7DE333931D0557E4007C1DC7 /* NSTimer+ND.m in Sources */ = {isa = PBXBuildFile; fileRef = 7DE3338A1D0557E4007C1DC7 /* NSTimer+ND.m */; };
/* End PBXBuildFile section */

/* Begin PBXContainerItemProxy section */
		7DE333411D05541E007C1DC7 /* PBXContainerItemProxy */ = {
			isa = PBXContainerItemProxy;
			containerPortal = 7DE3331F1D05541E007C1DC7 /* Project object */;
			proxyType = 1;
			remoteGlobalIDString = 7DE333261D05541E007C1DC7;
			remoteInfo = NDTableViewDataSourceAndDelegate;
		};
/* End PBXContainerItemProxy section */

/* Begin PBXFileReference section */
		7DE333271D05541E007C1DC7 /* NDTableViewDataSourceAndDelegate.app */ = {isa = PBXFileReference; explicitFileType = wrapper.application; includeInIndex = 0; path = NDTableViewDataSourceAndDelegate.app; sourceTree = BUILT_PRODUCTS_DIR; };
		7DE3332B1D05541E007C1DC7 /* main.m */ = {isa = PBXFileReference; lastKnownFileType = sourcecode.c.objc; path = main.m; sourceTree = "<group>"; };
		7DE3332D1D05541E007C1DC7 /* AppDelegate.h */ = {isa = PBXFileReference; lastKnownFileType = sourcecode.c.h; path = AppDelegate.h; sourceTree = "<group>"; };
		7DE3332E1D05541E007C1DC7 /* AppDelegate.m */ = {isa = PBXFileReference; lastKnownFileType = sourcecode.c.objc; path = AppDelegate.m; sourceTree = "<group>"; };
		7DE333301D05541E007C1DC7 /* ViewController.h */ = {isa = PBXFileReference; lastKnownFileType = sourcecode.c.h; path = ViewController.h; sourceTree = "<group>"; };
		7DE333311D05541E007C1DC7 /* ViewController.m */ = {isa = PBXFileReference; lastKnownFileType = sourcecode.c.objc; path = ViewController.m; sourceTree = "<group>"; };
		7DE333341D05541E007C1DC7 /* Base */ = {isa = PBXFileReference; lastKnownFileType = file.storyboard; name = Base; path = Base.lproj/Main.storyboard; sourceTree = "<group>"; };
		7DE333361D05541E007C1DC7 /* Assets.xcassets */ = {isa = PBXFileReference; lastKnownFileType = folder.assetcatalog; path = Assets.xcassets; sourceTree = "<group>"; };
		7DE333391D05541E007C1DC7 /* Base */ = {isa = PBXFileReference; lastKnownFileType = file.storyboard; name = Base; path = Base.lproj/LaunchScreen.storyboard; sourceTree = "<group>"; };
		7DE3333B1D05541E007C1DC7 /* Info.plist */ = {isa = PBXFileReference; lastKnownFileType = text.plist.xml; path = Info.plist; sourceTree = "<group>"; };
		7DE333401D05541E007C1DC7 /* NDTableViewDataSourceAndDelegateTests.xctest */ = {isa = PBXFileReference; explicitFileType = wrapper.cfbundle; includeInIndex = 0; path = NDTableViewDataSourceAndDelegateTests.xctest; sourceTree = BUILT_PRODUCTS_DIR; };
		7DE333441D05541E007C1DC7 /* NDTableViewDataSourceAndDelegateTests.m */ = {isa = PBXFileReference; lastKnownFileType = sourcecode.c.objc; path = NDTableViewDataSourceAndDelegateTests.m; sourceTree = "<group>"; };
		7DE333461D05541E007C1DC7 /* Info.plist */ = {isa = PBXFileReference; lastKnownFileType = text.plist.xml; path = Info.plist; sourceTree = "<group>"; };
		7DE333531D055491007C1DC7 /* NDTableViewCellProtocol.h */ = {isa = PBXFileReference; fileEncoding = 4; lastKnownFileType = sourcecode.c.h; path = NDTableViewCellProtocol.h; sourceTree = "<group>"; };
		7DE333541D055491007C1DC7 /* UITableViewCell+NDTableViewDataSource.h */ = {isa = PBXFileReference; fileEncoding = 4; lastKnownFileType = sourcecode.c.h; path = "UITableViewCell+NDTableViewDataSource.h"; sourceTree = "<group>"; };
		7DE333551D055491007C1DC7 /* UITableViewCell+NDTableViewDataSource.m */ = {isa = PBXFileReference; fileEncoding = 4; lastKnownFileType = sourcecode.c.objc; path = "UITableViewCell+NDTableViewDataSource.m"; sourceTree = "<group>"; };
		7DE333571D055491007C1DC7 /* NDTableViewDataSource.h */ = {isa = PBXFileReference; fileEncoding = 4; lastKnownFileType = sourcecode.c.h; path = NDTableViewDataSource.h; sourceTree = "<group>"; };
		7DE333581D055491007C1DC7 /* NDTableViewDataSource.m */ = {isa = PBXFileReference; fileEncoding = 4; lastKnownFileType = sourcecode.c.objc; path = NDTableViewDataSource.m; sourceTree = "<group>"; };
		7DE333591D055491007C1DC7 /* NSObject+NDTableViewCellMapKey.h */ = {isa = PBXFileReference; fileEncoding = 4; lastKnownFileType = sourcecode.c.h; path = "NSObject+NDTableViewCellMapKey.h"; sourceTree = "<group>"; };
		7DE3335A1D055491007C1DC7 /* NSObject+NDTableViewCellMapKey.m */ = {isa = PBXFileReference; fileEncoding = 4; lastKnownFileType = sourcecode.c.objc; path = "NSObject+NDTableViewCellMapKey.m"; sourceTree = "<group>"; };
		7DE3335B1D055491007C1DC7 /* UITableView+NDDataSource.h */ = {isa = PBXFileReference; fileEncoding = 4; lastKnownFileType = sourcecode.c.h; path = "UITableView+NDDataSource.h"; sourceTree = "<group>"; };
		7DE3335C1D055491007C1DC7 /* UITableView+NDDataSource.m */ = {isa = PBXFileReference; fileEncoding = 4; lastKnownFileType = sourcecode.c.objc; path = "UITableView+NDDataSource.m"; sourceTree = "<group>"; };
		7DE3335E1D055491007C1DC7 /* NDTableViewDelegate.h */ = {isa = PBXFileReference; fileEncoding = 4; lastKnownFileType = sourcecode.c.h; path = NDTableViewDelegate.h; sourceTree = "<group>"; };
		7DE3335F1D055491007C1DC7 /* NDTableViewDelegate.m */ = {isa = PBXFileReference; fileEncoding = 4; lastKnownFileType = sourcecode.c.objc; path = NDTableViewDelegate.m; sourceTree = "<group>"; };
		7DE333601D055491007C1DC7 /* UITableView+NDTableViewDelegate.h */ = {isa = PBXFileReference; fileEncoding = 4; lastKnownFileType = sourcecode.c.h; path = "UITableView+NDTableViewDelegate.h"; sourceTree = "<group>"; };
		7DE333611D055491007C1DC7 /* UITableView+NDTableViewDelegate.m */ = {isa = PBXFileReference; fileEncoding = 4; lastKnownFileType = sourcecode.c.objc; path = "UITableView+NDTableViewDelegate.m"; sourceTree = "<group>"; };
		7DE333631D055491007C1DC7 /* NDTableViewSection.h */ = {isa = PBXFileReference; fileEncoding = 4; lastKnownFileType = sourcecode.c.h; path = NDTableViewSection.h; sourceTree = "<group>"; };
		7DE333641D055491007C1DC7 /* NDTableViewSection.m */ = {isa = PBXFileReference; fileEncoding = 4; lastKnownFileType = sourcecode.c.objc; path = NDTableViewSection.m; sourceTree = "<group>"; };
		7DE333651D055491007C1DC7 /* NDTableViewSectionProtocol.h */ = {isa = PBXFileReference; fileEncoding = 4; lastKnownFileType = sourcecode.c.h; path = NDTableViewSectionProtocol.h; sourceTree = "<group>"; };
		7DE333661D055491007C1DC7 /* UITableView+NDTableViewSection.h */ = {isa = PBXFileReference; fileEncoding = 4; lastKnownFileType = sourcecode.c.h; path = "UITableView+NDTableViewSection.h"; sourceTree = "<group>"; };
		7DE333671D055491007C1DC7 /* UITableView+NDTableViewSection.m */ = {isa = PBXFileReference; fileEncoding = 4; lastKnownFileType = sourcecode.c.objc; path = "UITableView+NDTableViewSection.m"; sourceTree = "<group>"; };
		7DE333791D0557E3007C1DC7 /* NSArray+ND.h */ = {isa = PBXFileReference; fileEncoding = 4; lastKnownFileType = sourcecode.c.h; path = "NSArray+ND.h"; sourceTree = "<group>"; };
		7DE3337A1D0557E3007C1DC7 /* NSArray+ND.m */ = {isa = PBXFileReference; fileEncoding = 4; lastKnownFileType = sourcecode.c.objc; path = "NSArray+ND.m"; sourceTree = "<group>"; };
		7DE3337B1D0557E3007C1DC7 /* NSData+ND.h */ = {isa = PBXFileReference; fileEncoding = 4; lastKnownFileType = sourcecode.c.h; path = "NSData+ND.h"; sourceTree = "<group>"; };
		7DE3337C1D0557E3007C1DC7 /* NSData+ND.m */ = {isa = PBXFileReference; fileEncoding = 4; lastKnownFileType = sourcecode.c.objc; path = "NSData+ND.m"; sourceTree = "<group>"; };
		7DE3337D1D0557E3007C1DC7 /* NSDate+ND.h */ = {isa = PBXFileReference; fileEncoding = 4; lastKnownFileType = sourcecode.c.h; path = "NSDate+ND.h"; sourceTree = "<group>"; };
		7DE3337E1D0557E3007C1DC7 /* NSDate+ND.m */ = {isa = PBXFileReference; fileEncoding = 4; lastKnownFileType = sourcecode.c.objc; path = "NSDate+ND.m"; sourceTree = "<group>"; };
		7DE3337F1D0557E4007C1DC7 /* NSDictionary+ND.h */ = {isa = PBXFileReference; fileEncoding = 4; lastKnownFileType = sourcecode.c.h; path = "NSDictionary+ND.h"; sourceTree = "<group>"; };
		7DE333801D0557E4007C1DC7 /* NSDictionary+ND.m */ = {isa = PBXFileReference; fileEncoding = 4; lastKnownFileType = sourcecode.c.objc; path = "NSDictionary+ND.m"; sourceTree = "<group>"; };
		7DE333811D0557E4007C1DC7 /* NSFileManager+ND.h */ = {isa = PBXFileReference; fileEncoding = 4; lastKnownFileType = sourcecode.c.h; path = "NSFileManager+ND.h"; sourceTree = "<group>"; };
		7DE333821D0557E4007C1DC7 /* NSFileManager+ND.m */ = {isa = PBXFileReference; fileEncoding = 4; lastKnownFileType = sourcecode.c.objc; path = "NSFileManager+ND.m"; sourceTree = "<group>"; };
		7DE333831D0557E4007C1DC7 /* NSMutableArray+ND.h */ = {isa = PBXFileReference; fileEncoding = 4; lastKnownFileType = sourcecode.c.h; path = "NSMutableArray+ND.h"; sourceTree = "<group>"; };
		7DE333841D0557E4007C1DC7 /* NSMutableArray+ND.m */ = {isa = PBXFileReference; fileEncoding = 4; lastKnownFileType = sourcecode.c.objc; path = "NSMutableArray+ND.m"; sourceTree = "<group>"; };
		7DE333851D0557E4007C1DC7 /* NSMutableDictionary+ND.h */ = {isa = PBXFileReference; fileEncoding = 4; lastKnownFileType = sourcecode.c.h; path = "NSMutableDictionary+ND.h"; sourceTree = "<group>"; };
		7DE333861D0557E4007C1DC7 /* NSMutableDictionary+ND.m */ = {isa = PBXFileReference; fileEncoding = 4; lastKnownFileType = sourcecode.c.objc; path = "NSMutableDictionary+ND.m"; sourceTree = "<group>"; };
		7DE333871D0557E4007C1DC7 /* NSString+ND.h */ = {isa = PBXFileReference; fileEncoding = 4; lastKnownFileType = sourcecode.c.h; path = "NSString+ND.h"; sourceTree = "<group>"; };
		7DE333881D0557E4007C1DC7 /* NSString+ND.m */ = {isa = PBXFileReference; fileEncoding = 4; lastKnownFileType = sourcecode.c.objc; path = "NSString+ND.m"; sourceTree = "<group>"; };
		7DE333891D0557E4007C1DC7 /* NSTimer+ND.h */ = {isa = PBXFileReference; fileEncoding = 4; lastKnownFileType = sourcecode.c.h; path = "NSTimer+ND.h"; sourceTree = "<group>"; };
		7DE3338A1D0557E4007C1DC7 /* NSTimer+ND.m */ = {isa = PBXFileReference; fileEncoding = 4; lastKnownFileType = sourcecode.c.objc; path = "NSTimer+ND.m"; sourceTree = "<group>"; };
/* End PBXFileReference section */

/* Begin PBXFrameworksBuildPhase section */
		7DE333241D05541E007C1DC7 /* Frameworks */ = {
			isa = PBXFrameworksBuildPhase;
			buildActionMask = 2147483647;
			files = (
			);
			runOnlyForDeploymentPostprocessing = 0;
		};
		7DE3333D1D05541E007C1DC7 /* Frameworks */ = {
			isa = PBXFrameworksBuildPhase;
			buildActionMask = 2147483647;
			files = (
			);
			runOnlyForDeploymentPostprocessing = 0;
		};
/* End PBXFrameworksBuildPhase section */

/* Begin PBXGroup section */
		7DE3331E1D05541E007C1DC7 = {
			isa = PBXGroup;
			children = (
				7DE333291D05541E007C1DC7 /* NDTableViewDataSourceAndDelegate */,
				7DE333431D05541E007C1DC7 /* NDTableViewDataSourceAndDelegateTests */,
				7DE333281D05541E007C1DC7 /* Products */,
			);
			sourceTree = "<group>";
		};
		7DE333281D05541E007C1DC7 /* Products */ = {
			isa = PBXGroup;
			children = (
				7DE333271D05541E007C1DC7 /* NDTableViewDataSourceAndDelegate.app */,
				7DE333401D05541E007C1DC7 /* NDTableViewDataSourceAndDelegateTests.xctest */,
			);
			name = Products;
			sourceTree = "<group>";
		};
		7DE333291D05541E007C1DC7 /* NDTableViewDataSourceAndDelegate */ = {
			isa = PBXGroup;
			children = (
				7DE333501D055491007C1DC7 /* Demo */,
				7DE333511D055491007C1DC7 /* TableView */,
				7DE3334F1D05546C007C1DC7 /* App */,
				7DE3332A1D05541E007C1DC7 /* Supporting Files */,
			);
			path = NDTableViewDataSourceAndDelegate;
			sourceTree = "<group>";
		};
		7DE3332A1D05541E007C1DC7 /* Supporting Files */ = {
			isa = PBXGroup;
			children = (
				7DE333781D0557E3007C1DC7 /* ND_SystemCategory */,
				7DE333331D05541E007C1DC7 /* Main.storyboard */,
				7DE333361D05541E007C1DC7 /* Assets.xcassets */,
				7DE333381D05541E007C1DC7 /* LaunchScreen.storyboard */,
				7DE3333B1D05541E007C1DC7 /* Info.plist */,
				7DE3332B1D05541E007C1DC7 /* main.m */,
			);
			name = "Supporting Files";
			sourceTree = "<group>";
		};
		7DE333431D05541E007C1DC7 /* NDTableViewDataSourceAndDelegateTests */ = {
			isa = PBXGroup;
			children = (
				7DE333441D05541E007C1DC7 /* NDTableViewDataSourceAndDelegateTests.m */,
				7DE333461D05541E007C1DC7 /* Info.plist */,
			);
			path = NDTableViewDataSourceAndDelegateTests;
			sourceTree = "<group>";
		};
		7DE3334F1D05546C007C1DC7 /* App */ = {
			isa = PBXGroup;
			children = (
				7DE3332D1D05541E007C1DC7 /* AppDelegate.h */,
				7DE3332E1D05541E007C1DC7 /* AppDelegate.m */,
				7DE333301D05541E007C1DC7 /* ViewController.h */,
				7DE333311D05541E007C1DC7 /* ViewController.m */,
			);
			name = App;
			sourceTree = "<group>";
		};
		7DE333501D055491007C1DC7 /* Demo */ = {
			isa = PBXGroup;
			children = (
			);
			path = Demo;
			sourceTree = "<group>";
		};
		7DE333511D055491007C1DC7 /* TableView */ = {
			isa = PBXGroup;
			children = (
				7DE333521D055491007C1DC7 /* Cell */,
				7DE333561D055491007C1DC7 /* DataSource */,
				7DE3335D1D055491007C1DC7 /* Delegate */,
				7DE333621D055491007C1DC7 /* Section */,
				7DE333681D055491007C1DC7 /* TableView */,
			);
			path = TableView;
			sourceTree = "<group>";
		};
		7DE333521D055491007C1DC7 /* Cell */ = {
			isa = PBXGroup;
			children = (
				7DE333531D055491007C1DC7 /* NDTableViewCellProtocol.h */,
				7DE333541D055491007C1DC7 /* UITableViewCell+NDTableViewDataSource.h */,
				7DE333551D055491007C1DC7 /* UITableViewCell+NDTableViewDataSource.m */,
			);
			path = Cell;
			sourceTree = "<group>";
		};
		7DE333561D055491007C1DC7 /* DataSource */ = {
			isa = PBXGroup;
			children = (
				7DE333571D055491007C1DC7 /* NDTableViewDataSource.h */,
				7DE333581D055491007C1DC7 /* NDTableViewDataSource.m */,
				7DE333591D055491007C1DC7 /* NSObject+NDTableViewCellMapKey.h */,
				7DE3335A1D055491007C1DC7 /* NSObject+NDTableViewCellMapKey.m */,
				7DE3335B1D055491007C1DC7 /* UITableView+NDDataSource.h */,
				7DE3335C1D055491007C1DC7 /* UITableView+NDDataSource.m */,
			);
			path = DataSource;
			sourceTree = "<group>";
		};
		7DE3335D1D055491007C1DC7 /* Delegate */ = {
			isa = PBXGroup;
			children = (
				7DE3335E1D055491007C1DC7 /* NDTableViewDelegate.h */,
				7DE3335F1D055491007C1DC7 /* NDTableViewDelegate.m */,
				7DE333601D055491007C1DC7 /* UITableView+NDTableViewDelegate.h */,
				7DE333611D055491007C1DC7 /* UITableView+NDTableViewDelegate.m */,
			);
			path = Delegate;
			sourceTree = "<group>";
		};
		7DE333621D055491007C1DC7 /* Section */ = {
			isa = PBXGroup;
			children = (
				7DE333631D055491007C1DC7 /* NDTableViewSection.h */,
				7DE333641D055491007C1DC7 /* NDTableViewSection.m */,
				7DE333651D055491007C1DC7 /* NDTableViewSectionProtocol.h */,
				7DE333661D055491007C1DC7 /* UITableView+NDTableViewSection.h */,
				7DE333671D055491007C1DC7 /* UITableView+NDTableViewSection.m */,
			);
			path = Section;
			sourceTree = "<group>";
		};
		7DE333681D055491007C1DC7 /* TableView */ = {
			isa = PBXGroup;
			children = (
			);
			path = TableView;
			sourceTree = "<group>";
		};
		7DE333781D0557E3007C1DC7 /* ND_SystemCategory */ = {
			isa = PBXGroup;
			children = (
				7DE333791D0557E3007C1DC7 /* NSArray+ND.h */,
				7DE3337A1D0557E3007C1DC7 /* NSArray+ND.m */,
				7DE3337B1D0557E3007C1DC7 /* NSData+ND.h */,
				7DE3337C1D0557E3007C1DC7 /* NSData+ND.m */,
				7DE3337D1D0557E3007C1DC7 /* NSDate+ND.h */,
				7DE3337E1D0557E3007C1DC7 /* NSDate+ND.m */,
				7DE3337F1D0557E4007C1DC7 /* NSDictionary+ND.h */,
				7DE333801D0557E4007C1DC7 /* NSDictionary+ND.m */,
				7DE333811D0557E4007C1DC7 /* NSFileManager+ND.h */,
				7DE333821D0557E4007C1DC7 /* NSFileManager+ND.m */,
				7DE333831D0557E4007C1DC7 /* NSMutableArray+ND.h */,
				7DE333841D0557E4007C1DC7 /* NSMutableArray+ND.m */,
				7DE333851D0557E4007C1DC7 /* NSMutableDictionary+ND.h */,
				7DE333861D0557E4007C1DC7 /* NSMutableDictionary+ND.m */,
				7DE333871D0557E4007C1DC7 /* NSString+ND.h */,
				7DE333881D0557E4007C1DC7 /* NSString+ND.m */,
				7DE333891D0557E4007C1DC7 /* NSTimer+ND.h */,
				7DE3338A1D0557E4007C1DC7 /* NSTimer+ND.m */,
			);
			path = ND_SystemCategory;
			sourceTree = "<group>";
		};
/* End PBXGroup section */

/* Begin PBXNativeTarget section */
		7DE333261D05541E007C1DC7 /* NDTableViewDataSourceAndDelegate */ = {
			isa = PBXNativeTarget;
			buildConfigurationList = 7DE333491D05541E007C1DC7 /* Build configuration list for PBXNativeTarget "NDTableViewDataSourceAndDelegate" */;
			buildPhases = (
				7DE333231D05541E007C1DC7 /* Sources */,
				7DE333241D05541E007C1DC7 /* Frameworks */,
				7DE333251D05541E007C1DC7 /* Resources */,
			);
			buildRules = (
			);
			dependencies = (
			);
			name = NDTableViewDataSourceAndDelegate;
			productName = NDTableViewDataSourceAndDelegate;
			productReference = 7DE333271D05541E007C1DC7 /* NDTableViewDataSourceAndDelegate.app */;
			productType = "com.apple.product-type.application";
		};
		7DE3333F1D05541E007C1DC7 /* NDTableViewDataSourceAndDelegateTests */ = {
			isa = PBXNativeTarget;
			buildConfigurationList = 7DE3334C1D05541E007C1DC7 /* Build configuration list for PBXNativeTarget "NDTableViewDataSourceAndDelegateTests" */;
			buildPhases = (
				7DE3333C1D05541E007C1DC7 /* Sources */,
				7DE3333D1D05541E007C1DC7 /* Frameworks */,
				7DE3333E1D05541E007C1DC7 /* Resources */,
			);
			buildRules = (
			);
			dependencies = (
				7DE333421D05541E007C1DC7 /* PBXTargetDependency */,
			);
			name = NDTableViewDataSourceAndDelegateTests;
			productName = NDTableViewDataSourceAndDelegateTests;
			productReference = 7DE333401D05541E007C1DC7 /* NDTableViewDataSourceAndDelegateTests.xctest */;
			productType = "com.apple.product-type.bundle.unit-test";
		};
/* End PBXNativeTarget section */

/* Begin PBXProject section */
		7DE3331F1D05541E007C1DC7 /* Project object */ = {
			isa = PBXProject;
			attributes = {
				LastUpgradeCheck = 0730;
				ORGANIZATIONNAME = NDEducation;
				TargetAttributes = {
					7DE333261D05541E007C1DC7 = {
						CreatedOnToolsVersion = 7.3.1;
					};
					7DE3333F1D05541E007C1DC7 = {
						CreatedOnToolsVersion = 7.3.1;
						TestTargetID = 7DE333261D05541E007C1DC7;
					};
				};
			};
			buildConfigurationList = 7DE333221D05541E007C1DC7 /* Build configuration list for PBXProject "NDTableViewDataSourceAndDelegate" */;
			compatibilityVersion = "Xcode 3.2";
			developmentRegion = English;
			hasScannedForEncodings = 0;
			knownRegions = (
				en,
				Base,
			);
			mainGroup = 7DE3331E1D05541E007C1DC7;
			productRefGroup = 7DE333281D05541E007C1DC7 /* Products */;
			projectDirPath = "";
			projectRoot = "";
			targets = (
				7DE333261D05541E007C1DC7 /* NDTableViewDataSourceAndDelegate */,
				7DE3333F1D05541E007C1DC7 /* NDTableViewDataSourceAndDelegateTests */,
			);
		};
/* End PBXProject section */

/* Begin PBXResourcesBuildPhase section */
		7DE333251D05541E007C1DC7 /* Resources */ = {
			isa = PBXResourcesBuildPhase;
			buildActionMask = 2147483647;
			files = (
				7DE3333A1D05541E007C1DC7 /* LaunchScreen.storyboard in Resources */,
				7DE333371D05541E007C1DC7 /* Assets.xcassets in Resources */,
				7DE333351D05541E007C1DC7 /* Main.storyboard in Resources */,
			);
			runOnlyForDeploymentPostprocessing = 0;
		};
		7DE3333E1D05541E007C1DC7 /* Resources */ = {
			isa = PBXResourcesBuildPhase;
			buildActionMask = 2147483647;
			files = (
			);
			runOnlyForDeploymentPostprocessing = 0;
		};
/* End PBXResourcesBuildPhase section */

/* Begin PBXSourcesBuildPhase section */
		7DE333231D05541E007C1DC7 /* Sources */ = {
			isa = PBXSourcesBuildPhase;
			buildActionMask = 2147483647;
			files = (
				7DE3338E1D0557E4007C1DC7 /* NSDictionary+ND.m in Sources */,
				7DE3336E1D055491007C1DC7 /* UITableView+NDDataSource.m in Sources */,
				7DE3336B1D055491007C1DC7 /* UITableViewCell+NDTableViewDataSource.m in Sources */,
				7DE3336F1D055491007C1DC7 /* NDTableViewDelegate.m in Sources */,
				7DE333931D0557E4007C1DC7 /* NSTimer+ND.m in Sources */,
				7DE3336C1D055491007C1DC7 /* NDTableViewDataSource.m in Sources */,
				7DE3338C1D0557E4007C1DC7 /* NSData+ND.m in Sources */,
				7DE333321D05541E007C1DC7 /* ViewController.m in Sources */,
				7DE3338F1D0557E4007C1DC7 /* NSFileManager+ND.m in Sources */,
				7DE333711D055491007C1DC7 /* NDTableViewSection.m in Sources */,
				7DE3338B1D0557E4007C1DC7 /* NSArray+ND.m in Sources */,
				7DE333721D055491007C1DC7 /* UITableView+NDTableViewSection.m in Sources */,
				7DE3338D1D0557E4007C1DC7 /* NSDate+ND.m in Sources */,
				7DE333921D0557E4007C1DC7 /* NSString+ND.m in Sources */,
				7DE3332F1D05541E007C1DC7 /* AppDelegate.m in Sources */,
				7DE333701D055491007C1DC7 /* UITableView+NDTableViewDelegate.m in Sources */,
				7DE333901D0557E4007C1DC7 /* NSMutableArray+ND.m in Sources */,
				7DE3336D1D055491007C1DC7 /* NSObject+NDTableViewCellMapKey.m in Sources */,
				7DE3332C1D05541E007C1DC7 /* main.m in Sources */,
				7DE333911D0557E4007C1DC7 /* NSMutableDictionary+ND.m in Sources */,
			);
			runOnlyForDeploymentPostprocessing = 0;
		};
		7DE3333C1D05541E007C1DC7 /* Sources */ = {
			isa = PBXSourcesBuildPhase;
			buildActionMask = 2147483647;
			files = (
				7DE333451D05541E007C1DC7 /* NDTableViewDataSourceAndDelegateTests.m in Sources */,
			);
			runOnlyForDeploymentPostprocessing = 0;
		};
/* End PBXSourcesBuildPhase section */

/* Begin PBXTargetDependency section */
		7DE333421D05541E007C1DC7 /* PBXTargetDependency */ = {
			isa = PBXTargetDependency;
			target = 7DE333261D05541E007C1DC7 /* NDTableViewDataSourceAndDelegate */;
			targetProxy = 7DE333411D05541E007C1DC7 /* PBXContainerItemProxy */;
		};
/* End PBXTargetDependency section */

/* Begin PBXVariantGroup section */
		7DE333331D05541E007C1DC7 /* Main.storyboard */ = {
			isa = PBXVariantGroup;
			children = (
				7DE333341D05541E007C1DC7 /* Base */,
			);
			name = Main.storyboard;
			sourceTree = "<group>";
		};
		7DE333381D05541E007C1DC7 /* LaunchScreen.storyboard */ = {
			isa = PBXVariantGroup;
			children = (
				7DE333391D05541E007C1DC7 /* Base */,
			);
			name = LaunchScreen.storyboard;
			sourceTree = "<group>";
		};
/* End PBXVariantGroup section */

/* Begin XCBuildConfiguration section */
		7DE333471D05541E007C1DC7 /* Debug */ = {
			isa = XCBuildConfiguration;
			buildSettings = {
				ALWAYS_SEARCH_USER_PATHS = NO;
				CLANG_ANALYZER_NONNULL = YES;
				CLANG_CXX_LANGUAGE_STANDARD = "gnu++0x";
				CLANG_CXX_LIBRARY = "libc++";
				CLANG_ENABLE_MODULES = YES;
				CLANG_ENABLE_OBJC_ARC = YES;
				CLANG_WARN_BOOL_CONVERSION = YES;
				CLANG_WARN_CONSTANT_CONVERSION = YES;
				CLANG_WARN_DIRECT_OBJC_ISA_USAGE = YES_ERROR;
				CLANG_WARN_EMPTY_BODY = YES;
				CLANG_WARN_ENUM_CONVERSION = YES;
				CLANG_WARN_INT_CONVERSION = YES;
				CLANG_WARN_OBJC_ROOT_CLASS = YES_ERROR;
				CLANG_WARN_UNREACHABLE_CODE = YES;
				CLANG_WARN__DUPLICATE_METHOD_MATCH = YES;
				"CODE_SIGN_IDENTITY[sdk=iphoneos*]" = "iPhone Developer";
				COPY_PHASE_STRIP = NO;
				DEBUG_INFORMATION_FORMAT = dwarf;
				ENABLE_STRICT_OBJC_MSGSEND = YES;
				ENABLE_TESTABILITY = YES;
				GCC_C_LANGUAGE_STANDARD = gnu99;
				GCC_DYNAMIC_NO_PIC = NO;
				GCC_NO_COMMON_BLOCKS = YES;
				GCC_OPTIMIZATION_LEVEL = 0;
				GCC_PREPROCESSOR_DEFINITIONS = (
					"DEBUG=1",
					"$(inherited)",
				);
				GCC_WARN_64_TO_32_BIT_CONVERSION = YES;
				GCC_WARN_ABOUT_RETURN_TYPE = YES_ERROR;
				GCC_WARN_UNDECLARED_SELECTOR = YES;
				GCC_WARN_UNINITIALIZED_AUTOS = YES_AGGRESSIVE;
				GCC_WARN_UNUSED_FUNCTION = YES;
				GCC_WARN_UNUSED_VARIABLE = YES;
				IPHONEOS_DEPLOYMENT_TARGET = 9.3;
				MTL_ENABLE_DEBUG_INFO = YES;
				ONLY_ACTIVE_ARCH = YES;
				SDKROOT = iphoneos;
				TARGETED_DEVICE_FAMILY = "1,2";
			};
			name = Debug;
		};
		7DE333481D05541E007C1DC7 /* Release */ = {
			isa = XCBuildConfiguration;
			buildSettings = {
				ALWAYS_SEARCH_USER_PATHS = NO;
				CLANG_ANALYZER_NONNULL = YES;
				CLANG_CXX_LANGUAGE_STANDARD = "gnu++0x";
				CLANG_CXX_LIBRARY = "libc++";
				CLANG_ENABLE_MODULES = YES;
				CLANG_ENABLE_OBJC_ARC = YES;
				CLANG_WARN_BOOL_CONVERSION = YES;
				CLANG_WARN_CONSTANT_CONVERSION = YES;
				CLANG_WARN_DIRECT_OBJC_ISA_USAGE = YES_ERROR;
				CLANG_WARN_EMPTY_BODY = YES;
				CLANG_WARN_ENUM_CONVERSION = YES;
				CLANG_WARN_INT_CONVERSION = YES;
				CLANG_WARN_OBJC_ROOT_CLASS = YES_ERROR;
				CLANG_WARN_UNREACHABLE_CODE = YES;
				CLANG_WARN__DUPLICATE_METHOD_MATCH = YES;
				"CODE_SIGN_IDENTITY[sdk=iphoneos*]" = "iPhone Developer";
				COPY_PHASE_STRIP = NO;
				DEBUG_INFORMATION_FORMAT = "dwarf-with-dsym";
				ENABLE_NS_ASSERTIONS = NO;
				ENABLE_STRICT_OBJC_MSGSEND = YES;
				GCC_C_LANGUAGE_STANDARD = gnu99;
				GCC_NO_COMMON_BLOCKS = YES;
				GCC_WARN_64_TO_32_BIT_CONVERSION = YES;
				GCC_WARN_ABOUT_RETURN_TYPE = YES_ERROR;
				GCC_WARN_UNDECLARED_SELECTOR = YES;
				GCC_WARN_UNINITIALIZED_AUTOS = YES_AGGRESSIVE;
				GCC_WARN_UNUSED_FUNCTION = YES;
				GCC_WARN_UNUSED_VARIABLE = YES;
				IPHONEOS_DEPLOYMENT_TARGET = 9.3;
				MTL_ENABLE_DEBUG_INFO = NO;
				SDKROOT = iphoneos;
				TARGETED_DEVICE_FAMILY = "1,2";
				VALIDATE_PRODUCT = YES;
			};
			name = Release;
		};
		7DE3334A1D05541E007C1DC7 /* Debug */ = {
			isa = XCBuildConfiguration;
			buildSettings = {
				ASSETCATALOG_COMPILER_APPICON_NAME = AppIcon;
				INFOPLIST_FILE = NDTableViewDataSourceAndDelegate/Info.plist;
				LD_RUNPATH_SEARCH_PATHS = "$(inherited) @executable_path/Frameworks";
				PRODUCT_BUNDLE_IDENTIFIER = com.education.nd.NDTableViewDataSourceAndDelegate;
				PRODUCT_NAME = "$(TARGET_NAME)";
			};
			name = Debug;
		};
		7DE3334B1D05541E007C1DC7 /* Release */ = {
			isa = XCBuildConfiguration;
			buildSettings = {
				ASSETCATALOG_COMPILER_APPICON_NAME = AppIcon;
				INFOPLIST_FILE = NDTableViewDataSourceAndDelegate/Info.plist;
				LD_RUNPATH_SEARCH_PATHS = "$(inherited) @executable_path/Frameworks";
				PRODUCT_BUNDLE_IDENTIFIER = com.education.nd.NDTableViewDataSourceAndDelegate;
				PRODUCT_NAME = "$(TARGET_NAME)";
			};
			name = Release;
		};
		7DE3334D1D05541E007C1DC7 /* Debug */ = {
			isa = XCBuildConfiguration;
			buildSettings = {
				BUNDLE_LOADER = "$(TEST_HOST)";
				INFOPLIST_FILE = NDTableViewDataSourceAndDelegateTests/Info.plist;
				LD_RUNPATH_SEARCH_PATHS = "$(inherited) @executable_path/Frameworks @loader_path/Frameworks";
				PRODUCT_BUNDLE_IDENTIFIER = com.education.nd.NDTableViewDataSourceAndDelegateTests;
				PRODUCT_NAME = "$(TARGET_NAME)";
				TEST_HOST = "$(BUILT_PRODUCTS_DIR)/NDTableViewDataSourceAndDelegate.app/NDTableViewDataSourceAndDelegate";
			};
			name = Debug;
		};
		7DE3334E1D05541E007C1DC7 /* Release */ = {
			isa = XCBuildConfiguration;
			buildSettings = {
				BUNDLE_LOADER = "$(TEST_HOST)";
				INFOPLIST_FILE = NDTableViewDataSourceAndDelegateTests/Info.plist;
				LD_RUNPATH_SEARCH_PATHS = "$(inherited) @executable_path/Frameworks @loader_path/Frameworks";
				PRODUCT_BUNDLE_IDENTIFIER = com.education.nd.NDTableViewDataSourceAndDelegateTests;
				PRODUCT_NAME = "$(TARGET_NAME)";
				TEST_HOST = "$(BUILT_PRODUCTS_DIR)/NDTableViewDataSourceAndDelegate.app/NDTableViewDataSourceAndDelegate";
			};
			name = Release;
		};
/* End XCBuildConfiguration section */

/* Begin XCConfigurationList section */
		7DE333221D05541E007C1DC7 /* Build configuration list for PBXProject "NDTableViewDataSourceAndDelegate" */ = {
			isa = XCConfigurationList;
			buildConfigurations = (
				7DE333471D05541E007C1DC7 /* Debug */,
				7DE333481D05541E007C1DC7 /* Release */,
			);
			defaultConfigurationIsVisible = 0;
			defaultConfigurationName = Release;
		};
		7DE333491D05541E007C1DC7 /* Build configuration list for PBXNativeTarget "NDTableViewDataSourceAndDelegate" */ = {
			isa = XCConfigurationList;
			buildConfigurations = (
				7DE3334A1D05541E007C1DC7 /* Debug */,
				7DE3334B1D05541E007C1DC7 /* Release */,
			);
			defaultConfigurationIsVisible = 0;
		};
		7DE3334C1D05541E007C1DC7 /* Build configuration list for PBXNativeTarget "NDTableViewDataSourceAndDelegateTests" */ = {
			isa = XCConfigurationList;
			buildConfigurations = (
				7DE3334D1D05541E007C1DC7 /* Debug */,
				7DE3334E1D05541E007C1DC7 /* Release */,
			);
			defaultConfigurationIsVisible = 0;
		};
/* End XCConfigurationList section */
	};
	rootObject = 7DE3331F1D05541E007C1DC7 /* Project object */;
}
